
Microsoft Visual Studio Solution File, Format Version 12.00
# Visual Studio Version 17
VisualStudioVersion = 17.10.35201.131
MinimumVisualStudioVersion = 10.0.40219.1
Project("{FAE04EC0-301F-11D3-BF4B-00C04F79EFBC}") = "ConsoleApp1", "ConsoleApp1.csproj", "{237FB8BA-79D1-4DBE-BD22-C67D6BEA8362}"
EndProject
Project("{FAE04EC0-301F-11D3-BF4B-00C04F79EFBC}") = "TestProject1", "..\TestProject1\TestProject1.csproj", "{445DBD3D-ADDE-4CE0-97B5-BD250092E260}"
EndProject
Global
	GlobalSection(SolutionConfigurationPlatforms) = preSolution
		Debug|Any CPU = Debug|Any CPU
		Release|Any CPU = Release|Any CPU
	EndGlobalSection
	GlobalSection(ProjectConfigurationPlatforms) = postSolution
		{237FB8BA-79D1-4DBE-BD22-C67D6BEA8362}.Debug|Any CPU.ActiveCfg = Debug|Any CPU
		{237FB8BA-79D1-4DBE-BD22-C67D6BEA8362}.Debug|Any CPU.Build.0 = Debug|Any CPU
		{237FB8BA-79D1-4DBE-BD22-C67D6BEA8362}.Release|Any CPU.ActiveCfg = Release|Any CPU
		{237FB8BA-79D1-4DBE-BD22-C67D6BEA8362}.Release|Any CPU.Build.0 = Release|Any CPU
		{445DBD3D-ADDE-4CE0-97B5-BD250092E260}.Debug|Any CPU.ActiveCfg = Debug|Any CPU
		{445DBD3D-ADDE-4CE0-97B5-BD250092E260}.Debug|Any CPU.Build.0 = Debug|Any CPU
		{445DBD3D-ADDE-4CE0-97B5-BD250092E260}.Release|Any CPU.ActiveCfg = Release|Any CPU
		{445DBD3D-ADDE-4CE0-97B5-BD250092E260}.Release|Any CPU.Build.0 = Release|Any CPU
	EndGlobalSection
	GlobalSection(SolutionProperties) = preSolution
		HideSolutionNode = FALSE
	EndGlobalSection
	GlobalSection(ExtensibilityGlobals) = postSolution
		SolutionGuid = {986404DC-E2B2-4209-9DCD-FD3F9ABAA28D}
	EndGlobalSection
EndGlobal
